
Microsoft Visual Studio Solution File, Format Version 12.00
# Visual Studio 15
Project("{8BC9CEB8-8B4A-11D0-8D11-00A0C91BC942}") = "BHive", "BHive\BHive.vcxproj", "{F39AD20C-5FAF-FABD-2831-9E1D9404F7EE}"
EndProject
Global
	GlobalSection(SolutionConfigurationPlatforms) = preSolution
		Debug|Win32 = Debug|Win32
		Dist|Win32 = Dist|Win32
		Release|Win32 = Release|Win32
	EndGlobalSection
	GlobalSection(ProjectConfigurationPlatforms) = postSolution
		{F39AD20C-5FAF-FABD-2831-9E1D9404F7EE}.Debug|Win32.ActiveCfg = Debug|Win32
		{F39AD20C-5FAF-FABD-2831-9E1D9404F7EE}.Debug|Win32.Build.0 = Debug|Win32
		{F39AD20C-5FAF-FABD-2831-9E1D9404F7EE}.Dist|Win32.ActiveCfg = Dist|Win32
		{F39AD20C-5FAF-FABD-2831-9E1D9404F7EE}.Dist|Win32.Build.0 = Dist|Win32
		{F39AD20C-5FAF-FABD-2831-9E1D9404F7EE}.Release|Win32.ActiveCfg = Release|Win32
		{F39AD20C-5FAF-FABD-2831-9E1D9404F7EE}.Release|Win32.Build.0 = Release|Win32
	EndGlobalSection
	GlobalSection(SolutionProperties) = preSolution
		HideSolutionNode = FALSE
	EndGlobalSection
EndGlobal
